
Microsoft Visual Studio Solution File, Format Version 12.00
Project("{FAE04EC0-301F-11D3-BF4B-00C04F79EFBC}") = "ODataExample.Web", "ODataExample.Web\ODataExample.Web.csproj", "{3C470D67-C9AA-4B84-8815-2C3E157260F6}"
EndProject
Project("{FAE04EC0-301F-11D3-BF4B-00C04F79EFBC}") = "ODataExample.Tests", "ODataExample.Tests\ODataExample.Tests.csproj", "{BEFCA95D-4BBA-442D-9BE9-C7F6079EA5DC}"
EndProject
Global
	GlobalSection(SolutionConfigurationPlatforms) = preSolution
		Debug|Any CPU = Debug|Any CPU
		Release|Any CPU = Release|Any CPU
	EndGlobalSection
	GlobalSection(ProjectConfigurationPlatforms) = postSolution
		{3C470D67-C9AA-4B84-8815-2C3E157260F6}.Debug|Any CPU.ActiveCfg = Debug|Any CPU
		{3C470D67-C9AA-4B84-8815-2C3E157260F6}.Debug|Any CPU.Build.0 = Debug|Any CPU
		{3C470D67-C9AA-4B84-8815-2C3E157260F6}.Release|Any CPU.ActiveCfg = Release|Any CPU
		{3C470D67-C9AA-4B84-8815-2C3E157260F6}.Release|Any CPU.Build.0 = Release|Any CPU
		{BEFCA95D-4BBA-442D-9BE9-C7F6079EA5DC}.Debug|Any CPU.ActiveCfg = Debug|Any CPU
		{BEFCA95D-4BBA-442D-9BE9-C7F6079EA5DC}.Debug|Any CPU.Build.0 = Debug|Any CPU
		{BEFCA95D-4BBA-442D-9BE9-C7F6079EA5DC}.Release|Any CPU.ActiveCfg = Release|Any CPU
		{BEFCA95D-4BBA-442D-9BE9-C7F6079EA5DC}.Release|Any CPU.Build.0 = Release|Any CPU
	EndGlobalSection
	GlobalSection(NestedProjects) = preSolution
	EndGlobalSection
EndGlobal
